// !$*UTF8*$!
{
	archiveVersion = 1;
	classes = {
	};
	objectVersion = 50;
	objects = {

/* Begin PBXBuildFile section */
		046F51F8223D43E50059858C /* AppDelegate.swift in Sources */ = {isa = PBXBuildFile; fileRef = 046F51F7223D43E50059858C /* AppDelegate.swift */; };
		046F51FA223D43E50059858C /* ViewController.swift in Sources */ = {isa = PBXBuildFile; fileRef = 046F51F9223D43E50059858C /* ViewController.swift */; };
		046F51FD223D43E50059858C /* Main.storyboard in Resources */ = {isa = PBXBuildFile; fileRef = 046F51FB223D43E50059858C /* Main.storyboard */; };
		046F51FF223D43E70059858C /* Assets.xcassets in Resources */ = {isa = PBXBuildFile; fileRef = 046F51FE223D43E70059858C /* Assets.xcassets */; };
		046F5202223D43E70059858C /* LaunchScreen.storyboard in Resources */ = {isa = PBXBuildFile; fileRef = 046F5200223D43E70059858C /* LaunchScreen.storyboard */; };
		046F520D223D43E70059858C /* FunProjectTests.swift in Sources */ = {isa = PBXBuildFile; fileRef = 046F520C223D43E70059858C /* FunProjectTests.swift */; };
/* End PBXBuildFile section */

/* Begin PBXContainerItemProxy section */
		046F5209223D43E70059858C /* PBXContainerItemProxy */ = {
			isa = PBXContainerItemProxy;
			containerPortal = 046F51EC223D43E50059858C /* Project object */;
			proxyType = 1;
			remoteGlobalIDString = 046F51F3223D43E50059858C;
			remoteInfo = FunProject;
		};
/* End PBXContainerItemProxy section */

/* Begin PBXFileReference section */
		046F51F4223D43E50059858C /* FunProject.app */ = {isa = PBXFileReference; explicitFileType = wrapper.application; includeInIndex = 0; path = FunProject.app; sourceTree = BUILT_PRODUCTS_DIR; };
		046F51F7223D43E50059858C /* AppDelegate.swift */ = {isa = PBXFileReference; lastKnownFileType = sourcecode.swift; path = AppDelegate.swift; sourceTree = "<group>"; };
		046F51F9223D43E50059858C /* ViewController.swift */ = {isa = PBXFileReference; lastKnownFileType = sourcecode.swift; path = ViewController.swift; sourceTree = "<group>"; };
		046F51FC223D43E50059858C /* Base */ = {isa = PBXFileReference; lastKnownFileType = file.storyboard; name = Base; path = Base.lproj/Main.storyboard; sourceTree = "<group>"; };
		046F51FE223D43E70059858C /* Assets.xcassets */ = {isa = PBXFileReference; lastKnownFileType = folder.assetcatalog; path = Assets.xcassets; sourceTree = "<group>"; };
		046F5201223D43E70059858C /* Base */ = {isa = PBXFileReference; lastKnownFileType = file.storyboard; name = Base; path = Base.lproj/LaunchScreen.storyboard; sourceTree = "<group>"; };
		046F5203223D43E70059858C /* Info.plist */ = {isa = PBXFileReference; lastKnownFileType = text.plist.xml; path = Info.plist; sourceTree = "<group>"; };
		046F5208223D43E70059858C /* FunProjectTests.xctest */ = {isa = PBXFileReference; explicitFileType = wrapper.cfbundle; includeInIndex = 0; path = FunProjectTests.xctest; sourceTree = BUILT_PRODUCTS_DIR; };
		046F520C223D43E70059858C /* FunProjectTests.swift */ = {isa = PBXFileReference; lastKnownFileType = sourcecode.swift; path = FunProjectTests.swift; sourceTree = "<group>"; };
		046F520E223D43E70059858C /* Info.plist */ = {isa = PBXFileReference; lastKnownFileType = text.plist.xml; path = Info.plist; sourceTree = "<group>"; };
/* End PBXFileReference section */

/* Begin PBXFrameworksBuildPhase section */
		046F51F1223D43E50059858C /* Frameworks */ = {
			isa = PBXFrameworksBuildPhase;
			buildActionMask = 2147483647;
			files = (
			);
			runOnlyForDeploymentPostprocessing = 0;
		};
		046F5205223D43E70059858C /* Frameworks */ = {
			isa = PBXFrameworksBuildPhase;
			buildActionMask = 2147483647;
			files = (
			);
			runOnlyForDeploymentPostprocessing = 0;
		};
/* End PBXFrameworksBuildPhase section */

/* Begin PBXGroup section */
		046F51EB223D43E50059858C = {
			isa = PBXGroup;
			children = (
				046F51F6223D43E50059858C /* FunProject */,
				046F520B223D43E70059858C /* FunProjectTests */,
				046F51F5223D43E50059858C /* Products */,
			);
			sourceTree = "<group>";
		};
		046F51F5223D43E50059858C /* Products */ = {
			isa = PBXGroup;
			children = (
				046F51F4223D43E50059858C /* FunProject.app */,
				046F5208223D43E70059858C /* FunProjectTests.xctest */,
			);
			name = Products;
			sourceTree = "<group>";
		};
		046F51F6223D43E50059858C /* FunProject */ = {
			isa = PBXGroup;
			children = (
				046F51F7223D43E50059858C /* AppDelegate.swift */,
				046F51F9223D43E50059858C /* ViewController.swift */,
				046F51FB223D43E50059858C /* Main.storyboard */,
				046F51FE223D43E70059858C /* Assets.xcassets */,
				046F5200223D43E70059858C /* LaunchScreen.storyboard */,
				046F5203223D43E70059858C /* Info.plist */,
			);
			path = FunProject;
			sourceTree = "<group>";
		};
		046F520B223D43E70059858C /* FunProjectTests */ = {
			isa = PBXGroup;
			children = (
				046F520C223D43E70059858C /* FunProjectTests.swift */,
				046F520E223D43E70059858C /* Info.plist */,
			);
			path = FunProjectTests;
			sourceTree = "<group>";
		};
/* End PBXGroup section */

/* Begin PBXNativeTarget section */
		046F51F3223D43E50059858C /* FunProject */ = {
			isa = PBXNativeTarget;
			buildConfigurationList = 046F5211223D43E70059858C /* Build configuration list for PBXNativeTarget "FunProject" */;
			buildPhases = (
				046F51F0223D43E50059858C /* Sources */,
				046F51F1223D43E50059858C /* Frameworks */,
				046F51F2223D43E50059858C /* Resources */,
			);
			buildRules = (
			);
			dependencies = (
			);
			name = FunProject;
			productName = FunProject;
			productReference = 046F51F4223D43E50059858C /* FunProject.app */;
			productType = "com.apple.product-type.application";
		};
		046F5207223D43E70059858C /* FunProjectTests */ = {
			isa = PBXNativeTarget;
			buildConfigurationList = 046F5214223D43E70059858C /* Build configuration list for PBXNativeTarget "FunProjectTests" */;
			buildPhases = (
				046F5204223D43E70059858C /* Sources */,
				046F5205223D43E70059858C /* Frameworks */,
				046F5206223D43E70059858C /* Resources */,
			);
			buildRules = (
			);
			dependencies = (
				046F520A223D43E70059858C /* PBXTargetDependency */,
			);
			name = FunProjectTests;
			productName = FunProjectTests;
			productReference = 046F5208223D43E70059858C /* FunProjectTests.xctest */;
			productType = "com.apple.product-type.bundle.unit-test";
		};
/* End PBXNativeTarget section */

/* Begin PBXProject section */
		046F51EC223D43E50059858C /* Project object */ = {
			isa = PBXProject;
			attributes = {
				LastSwiftUpdateCheck = 1010;
				LastUpgradeCheck = 1010;
				ORGANIZATIONNAME = MAC;
				TargetAttributes = {
					046F51F3223D43E50059858C = {
						CreatedOnToolsVersion = 10.1;
					};
					046F5207223D43E70059858C = {
						CreatedOnToolsVersion = 10.1;
						TestTargetID = 046F51F3223D43E50059858C;
					};
				};
			};
			buildConfigurationList = 046F51EF223D43E50059858C /* Build configuration list for PBXProject "FunProject" */;
			compatibilityVersion = "Xcode 9.3";
			developmentRegion = en;
			hasScannedForEncodings = 0;
			knownRegions = (
				en,
				Base,
			);
			mainGroup = 046F51EB223D43E50059858C;
			productRefGroup = 046F51F5223D43E50059858C /* Products */;
			projectDirPath = "";
			projectRoot = "";
			targets = (
				046F51F3223D43E50059858C /* FunProject */,
				046F5207223D43E70059858C /* FunProjectTests */,
			);
		};
/* End PBXProject section */

/* Begin PBXResourcesBuildPhase section */
		046F51F2223D43E50059858C /* Resources */ = {
			isa = PBXResourcesBuildPhase;
			buildActionMask = 2147483647;
			files = (
				046F5202223D43E70059858C /* LaunchScreen.storyboard in Resources */,
				046F51FF223D43E70059858C /* Assets.xcassets in Resources */,
				046F51FD223D43E50059858C /* Main.storyboard in Resources */,
			);
			runOnlyForDeploymentPostprocessing = 0;
		};
		046F5206223D43E70059858C /* Resources */ = {
			isa = PBXResourcesBuildPhase;
			buildActionMask = 2147483647;
			files = (
			);
			runOnlyForDeploymentPostprocessing = 0;
		};
/* End PBXResourcesBuildPhase section */

/* Begin PBXSourcesBuildPhase section */
		046F51F0223D43E50059858C /* Sources */ = {
			isa = PBXSourcesBuildPhase;
			buildActionMask = 2147483647;
			files = (
				046F51FA223D43E50059858C /* ViewController.swift in Sources */,
				046F51F8223D43E50059858C /* AppDelegate.swift in Sources */,
			);
			runOnlyForDeploymentPostprocessing = 0;
		};
		046F5204223D43E70059858C /* Sources */ = {
			isa = PBXSourcesBuildPhase;
			buildActionMask = 2147483647;
			files = (
				046F520D223D43E70059858C /* FunProjectTests.swift in Sources */,
			);
			runOnlyForDeploymentPostprocessing = 0;
		};
/* End PBXSourcesBuildPhase section */

/* Begin PBXTargetDependency section */
		046F520A223D43E70059858C /* PBXTargetDependency */ = {
			isa = PBXTargetDependency;
			target = 046F51F3223D43E50059858C /* FunProject */;
			targetProxy = 046F5209223D43E70059858C /* PBXContainerItemProxy */;
		};
/* End PBXTargetDependency section */

/* Begin PBXVariantGroup section */
		046F51FB223D43E50059858C /* Main.storyboard */ = {
			isa = PBXVariantGroup;
			children = (
				046F51FC223D43E50059858C /* Base */,
			);
			name = Main.storyboard;
			sourceTree = "<group>";
		};
		046F5200223D43E70059858C /* LaunchScreen.storyboard */ = {
			isa = PBXVariantGroup;
			children = (
				046F5201223D43E70059858C /* Base */,
			);
			name = LaunchScreen.storyboard;
			sourceTree = "<group>";
		};
/* End PBXVariantGroup section */

/* Begin XCBuildConfiguration section */
		046F520F223D43E70059858C /* Debug */ = {
			isa = XCBuildConfiguration;
			buildSettings = {
				ALWAYS_SEARCH_USER_PATHS = NO;
				CLANG_ANALYZER_NONNULL = YES;
				CLANG_ANALYZER_NUMBER_OBJECT_CONVERSION = YES_AGGRESSIVE;
				CLANG_CXX_LANGUAGE_STANDARD = "gnu++14";
				CLANG_CXX_LIBRARY = "libc++";
				CLANG_ENABLE_MODULES = YES;
				CLANG_ENABLE_OBJC_ARC = YES;
				CLANG_ENABLE_OBJC_WEAK = YES;
				CLANG_WARN_BLOCK_CAPTURE_AUTORELEASING = YES;
				CLANG_WARN_BOOL_CONVERSION = YES;
				CLANG_WARN_COMMA = YES;
				CLANG_WARN_CONSTANT_CONVERSION = YES;
				CLANG_WARN_DEPRECATED_OBJC_IMPLEMENTATIONS = YES;
				CLANG_WARN_DIRECT_OBJC_ISA_USAGE = YES_ERROR;
				CLANG_WARN_DOCUMENTATION_COMMENTS = YES;
				CLANG_WARN_EMPTY_BODY = YES;
				CLANG_WARN_ENUM_CONVERSION = YES;
				CLANG_WARN_INFINITE_RECURSION = YES;
				CLANG_WARN_INT_CONVERSION = YES;
				CLANG_WARN_NON_LITERAL_NULL_CONVERSION = YES;
				CLANG_WARN_OBJC_IMPLICIT_RETAIN_SELF = YES;
				CLANG_WARN_OBJC_LITERAL_CONVERSION = YES;
				CLANG_WARN_OBJC_ROOT_CLASS = YES_ERROR;
				CLANG_WARN_RANGE_LOOP_ANALYSIS = YES;
				CLANG_WARN_STRICT_PROTOTYPES = YES;
				CLANG_WARN_SUSPICIOUS_MOVE = YES;
				CLANG_WARN_UNGUARDED_AVAILABILITY = YES_AGGRESSIVE;
				CLANG_WARN_UNREACHABLE_CODE = YES;
				CLANG_WARN__DUPLICATE_METHOD_MATCH = YES;
				CODE_SIGN_IDENTITY = "iPhone Developer";
				COPY_PHASE_STRIP = NO;
				DEBUG_INFORMATION_FORMAT = dwarf;
				ENABLE_STRICT_OBJC_MSGSEND = YES;
				ENABLE_TESTABILITY = YES;
				GCC_C_LANGUAGE_STANDARD = gnu11;
				GCC_DYNAMIC_NO_PIC = NO;
				GCC_NO_COMMON_BLOCKS = YES;
				GCC_OPTIMIZATION_LEVEL = 0;
				GCC_PREPROCESSOR_DEFINITIONS = (
					"DEBUG=1",
					"$(inherited)",
				);
				GCC_WARN_64_TO_32_BIT_CONVERSION = YES;
				GCC_WARN_ABOUT_RETURN_TYPE = YES_ERROR;
				GCC_WARN_UNDECLARED_SELECTOR = YES;
				GCC_WARN_UNINITIALIZED_AUTOS = YES_AGGRESSIVE;
				GCC_WARN_UNUSED_FUNCTION = YES;
				GCC_WARN_UNUSED_VARIABLE = YES;
				IPHONEOS_DEPLOYMENT_TARGET = 12.1;
				MTL_ENABLE_DEBUG_INFO = INCLUDE_SOURCE;
				MTL_FAST_MATH = YES;
				ONLY_ACTIVE_ARCH = YES;
				SDKROOT = iphoneos;
				SWIFT_ACTIVE_COMPILATION_CONDITIONS = DEBUG;
				SWIFT_OPTIMIZATION_LEVEL = "-Onone";
			};
			name = Debug;
		};
		046F5210223D43E70059858C /* Release */ = {
			isa = XCBuildConfiguration;
			buildSettings = {
				ALWAYS_SEARCH_USER_PATHS = NO;
				CLANG_ANALYZER_NONNULL = YES;
				CLANG_ANALYZER_NUMBER_OBJECT_CONVERSION = YES_AGGRESSIVE;
				CLANG_CXX_LANGUAGE_STANDARD = "gnu++14";
				CLANG_CXX_LIBRARY = "libc++";
				CLANG_ENABLE_MODULES = YES;
				CLANG_ENABLE_OBJC_ARC = YES;
				CLANG_ENABLE_OBJC_WEAK = YES;
				CLANG_WARN_BLOCK_CAPTURE_AUTORELEASING = YES;
				CLANG_WARN_BOOL_CONVERSION = YES;
				CLANG_WARN_COMMA = YES;
				CLANG_WARN_CONSTANT_CONVERSION = YES;
				CLANG_WARN_DEPRECATED_OBJC_IMPLEMENTATIONS = YES;
				CLANG_WARN_DIRECT_OBJC_ISA_USAGE = YES_ERROR;
				CLANG_WARN_DOCUMENTATION_COMMENTS = YES;
				CLANG_WARN_EMPTY_BODY = YES;
				CLANG_WARN_ENUM_CONVERSION = YES;
				CLANG_WARN_INFINITE_RECURSION = YES;
				CLANG_WARN_INT_CONVERSION = YES;
				CLANG_WARN_NON_LITERAL_NULL_CONVERSION = YES;
				CLANG_WARN_OBJC_IMPLICIT_RETAIN_SELF = YES;
				CLANG_WARN_OBJC_LITERAL_CONVERSION = YES;
				CLANG_WARN_OBJC_ROOT_CLASS = YES_ERROR;
				CLANG_WARN_RANGE_LOOP_ANALYSIS = YES;
				CLANG_WARN_STRICT_PROTOTYPES = YES;
				CLANG_WARN_SUSPICIOUS_MOVE = YES;
				CLANG_WARN_UNGUARDED_AVAILABILITY = YES_AGGRESSIVE;
				CLANG_WARN_UNREACHABLE_CODE = YES;
				CLANG_WARN__DUPLICATE_METHOD_MATCH = YES;
				CODE_SIGN_IDENTITY = "iPhone Developer";
				COPY_PHASE_STRIP = NO;
				DEBUG_INFORMATION_FORMAT = "dwarf-with-dsym";
				ENABLE_NS_ASSERTIONS = NO;
				ENABLE_STRICT_OBJC_MSGSEND = YES;
				GCC_C_LANGUAGE_STANDARD = gnu11;
				GCC_NO_COMMON_BLOCKS = YES;
				GCC_WARN_64_TO_32_BIT_CONVERSION = YES;
				GCC_WARN_ABOUT_RETURN_TYPE = YES_ERROR;
				GCC_WARN_UNDECLARED_SELECTOR = YES;
				GCC_WARN_UNINITIALIZED_AUTOS = YES_AGGRESSIVE;
				GCC_WARN_UNUSED_FUNCTION = YES;
				GCC_WARN_UNUSED_VARIABLE = YES;
				IPHONEOS_DEPLOYMENT_TARGET = 12.1;
				MTL_ENABLE_DEBUG_INFO = NO;
				MTL_FAST_MATH = YES;
				SDKROOT = iphoneos;
				SWIFT_COMPILATION_MODE = wholemodule;
				SWIFT_OPTIMIZATION_LEVEL = "-O";
				VALIDATE_PRODUCT = YES;
			};
			name = Release;
		};
		046F5212223D43E70059858C /* Debug */ = {
			isa = XCBuildConfiguration;
			buildSettings = {
				ASSETCATALOG_COMPILER_APPICON_NAME = AppIcon;
				CODE_SIGN_STYLE = Automatic;
				INFOPLIST_FILE = FunProject/Info.plist;
				LD_RUNPATH_SEARCH_PATHS = (
					"$(inherited)",
					"@executable_path/Frameworks",
				);
				PRODUCT_BUNDLE_IDENTIFIER = com.db.FunProject;
				PRODUCT_NAME = "$(TARGET_NAME)";
				SWIFT_VERSION = 4.2;
				TARGETED_DEVICE_FAMILY = "1,2";
			};
			name = Debug;
		};
		046F5213223D43E70059858C /* Release */ = {
			isa = XCBuildConfiguration;
			buildSettings = {
				ASSETCATALOG_COMPILER_APPICON_NAME = AppIcon;
				CODE_SIGN_STYLE = Automatic;
				INFOPLIST_FILE = FunProject/Info.plist;
				LD_RUNPATH_SEARCH_PATHS = (
					"$(inherited)",
					"@executable_path/Frameworks",
				);
				PRODUCT_BUNDLE_IDENTIFIER = com.db.FunProject;
				PRODUCT_NAME = "$(TARGET_NAME)";
				SWIFT_VERSION = 4.2;
				TARGETED_DEVICE_FAMILY = "1,2";
			};
			name = Release;
		};
		046F5215223D43E70059858C /* Debug */ = {
			isa = XCBuildConfiguration;
			buildSettings = {
				ALWAYS_EMBED_SWIFT_STANDARD_LIBRARIES = YES;
				BUNDLE_LOADER = "$(TEST_HOST)";
				CODE_SIGN_STYLE = Automatic;
				INFOPLIST_FILE = FunProjectTests/Info.plist;
				LD_RUNPATH_SEARCH_PATHS = (
					"$(inherited)",
					"@executable_path/Frameworks",
					"@loader_path/Frameworks",
				);
				PRODUCT_BUNDLE_IDENTIFIER = com.db.FunProjectTests;
				PRODUCT_NAME = "$(TARGET_NAME)";
				SWIFT_VERSION = 4.2;
				TARGETED_DEVICE_FAMILY = "1,2";
				TEST_HOST = "$(BUILT_PRODUCTS_DIR)/FunProject.app/FunProject";
			};
			name = Debug;
		};
		046F5216223D43E70059858C /* Release */ = {
			isa = XCBuildConfiguration;
			buildSettings = {
				ALWAYS_EMBED_SWIFT_STANDARD_LIBRARIES = YES;
				BUNDLE_LOADER = "$(TEST_HOST)";
				CODE_SIGN_STYLE = Automatic;
				INFOPLIST_FILE = FunProjectTests/Info.plist;
				LD_RUNPATH_SEARCH_PATHS = (
					"$(inherited)",
					"@executable_path/Frameworks",
					"@loader_path/Frameworks",
				);
				PRODUCT_BUNDLE_IDENTIFIER = com.db.FunProjectTests;
				PRODUCT_NAME = "$(TARGET_NAME)";
				SWIFT_VERSION = 4.2;
				TARGETED_DEVICE_FAMILY = "1,2";
				TEST_HOST = "$(BUILT_PRODUCTS_DIR)/FunProject.app/FunProject";
			};
			name = Release;
		};
/* End XCBuildConfiguration section */

/* Begin XCConfigurationList section */
		046F51EF223D43E50059858C /* Build configuration list for PBXProject "FunProject" */ = {
			isa = XCConfigurationList;
			buildConfigurations = (
				046F520F223D43E70059858C /* Debug */,
				046F5210223D43E70059858C /* Release */,
			);
			defaultConfigurationIsVisible = 0;
			defaultConfigurationName = Release;
		};
		046F5211223D43E70059858C /* Build configuration list for PBXNativeTarget "FunProject" */ = {
			isa = XCConfigurationList;
			buildConfigurations = (
				046F5212223D43E70059858C /* Debug */,
				046F5213223D43E70059858C /* Release */,
			);
			defaultConfigurationIsVisible = 0;
			defaultConfigurationName = Release;
		};
		046F5214223D43E70059858C /* Build configuration list for PBXNativeTarget "FunProjectTests" */ = {
			isa = XCConfigurationList;
			buildConfigurations = (
				046F5215223D43E70059858C /* Debug */,
				046F5216223D43E70059858C /* Release */,
			);
			defaultConfigurationIsVisible = 0;
			defaultConfigurationName = Release;
		};
/* End XCConfigurationList section */
	};
	rootObject = 046F51EC223D43E50059858C /* Project object */;
}
